
Microsoft Visual Studio Solution File, Format Version 12.00
# Visual Studio Version 17
VisualStudioVersion = 17.5.002.0
MinimumVisualStudioVersion = 10.0.40219.1
Project("{9A19103F-16F7-4668-BE54-9A1E7A4F7556}") = "Race", "Race.csproj", "{52524415-5FE1-457F-BCF4-D1C2029CBA85}"
EndProject
Global
	GlobalSection(SolutionConfigurationPlatforms) = preSolution
		Debug|Any CPU = Debug|Any CPU
		Release|Any CPU = Release|Any CPU
	EndGlobalSection
	GlobalSection(ProjectConfigurationPlatforms) = postSolution
		{52524415-5FE1-457F-BCF4-D1C2029CBA85}.Debug|Any CPU.ActiveCfg = Debug|Any CPU
		{52524415-5FE1-457F-BCF4-D1C2029CBA85}.Debug|Any CPU.Build.0 = Debug|Any CPU
		{52524415-5FE1-457F-BCF4-D1C2029CBA85}.Release|Any CPU.ActiveCfg = Release|Any CPU
		{52524415-5FE1-457F-BCF4-D1C2029CBA85}.Release|Any CPU.Build.0 = Release|Any CPU
	EndGlobalSection
	GlobalSection(SolutionProperties) = preSolution
		HideSolutionNode = FALSE
	EndGlobalSection
	GlobalSection(ExtensibilityGlobals) = postSolution
		SolutionGuid = {6BF54375-D7D9-40B9-AE55-62C590C61263}
	EndGlobalSection
EndGlobal
